
Microsoft Visual Studio Solution File, Format Version 12.00
# Visual Studio for Mac
Project("{FAE04EC0-301F-11D3-BF4B-00C04F79EFBC}") = "Assembly-CSharp", "Assembly-CSharp.csproj", "{3F47B49E-9A07-D0C9-0388-6C8DC4D9E23A}"
EndProject
Global
	GlobalSection(SolutionConfigurationPlatforms) = preSolution
		Debug|Any CPU = Debug|Any CPU
		Release|Any CPU = Release|Any CPU
	EndGlobalSection
	GlobalSection(ProjectConfigurationPlatforms) = postSolution
		{3F47B49E-9A07-D0C9-0388-6C8DC4D9E23A}.Debug|Any CPU.ActiveCfg = Debug|Any CPU
		{3F47B49E-9A07-D0C9-0388-6C8DC4D9E23A}.Debug|Any CPU.Build.0 = Debug|Any CPU
		{3F47B49E-9A07-D0C9-0388-6C8DC4D9E23A}.Release|Any CPU.ActiveCfg = Release|Any CPU
		{3F47B49E-9A07-D0C9-0388-6C8DC4D9E23A}.Release|Any CPU.Build.0 = Release|Any CPU
	EndGlobalSection
	GlobalSection(SolutionProperties) = preSolution
		HideSolutionNode = FALSE
	EndGlobalSection
EndGlobal
